
Microsoft Visual Studio Solution File, Format Version 11.00
# Visual Studio 2010
Project("{FAE04EC0-301F-11D3-BF4B-00C04F79EFBC}") = "NavMeshTD", "Assembly-CSharp.csproj", "{3109BC0E-4E0E-081E-C443-9299918139B1}"
EndProject
Project("{FAE04EC0-301F-11D3-BF4B-00C04F79EFBC}") = "NavMeshTD", "Assembly-CSharp-Editor.csproj", "{C7D65E84-4563-E08B-4A30-4198CC7E9A41}"
EndProject
Global
	GlobalSection(SolutionConfigurationPlatforms) = preSolution
		Debug|Any CPU = Debug|Any CPU
		Release|Any CPU = Release|Any CPU
	EndGlobalSection
	GlobalSection(ProjectConfigurationPlatforms) = postSolution
		{3109BC0E-4E0E-081E-C443-9299918139B1}.Debug|Any CPU.ActiveCfg = Debug|Any CPU
		{3109BC0E-4E0E-081E-C443-9299918139B1}.Debug|Any CPU.Build.0 = Debug|Any CPU
		{3109BC0E-4E0E-081E-C443-9299918139B1}.Release|Any CPU.ActiveCfg = Release|Any CPU
		{3109BC0E-4E0E-081E-C443-9299918139B1}.Release|Any CPU.Build.0 = Release|Any CPU
		{C7D65E84-4563-E08B-4A30-4198CC7E9A41}.Debug|Any CPU.ActiveCfg = Debug|Any CPU
		{C7D65E84-4563-E08B-4A30-4198CC7E9A41}.Debug|Any CPU.Build.0 = Debug|Any CPU
		{C7D65E84-4563-E08B-4A30-4198CC7E9A41}.Release|Any CPU.ActiveCfg = Release|Any CPU
		{C7D65E84-4563-E08B-4A30-4198CC7E9A41}.Release|Any CPU.Build.0 = Release|Any CPU
	EndGlobalSection
	GlobalSection(SolutionProperties) = preSolution
		HideSolutionNode = FALSE
	EndGlobalSection
	GlobalSection(MonoDevelopProperties) = preSolution
		StartupItem = Assembly-CSharp.csproj
	EndGlobalSection
EndGlobal
